// !$*UTF8*$!
{
	archiveVersion = 1;
	classes = {
	};
	objectVersion = 46;
	objects = {

/* Begin PBXBuildFile section */
		B45E71061A13118A0082E2FB /* main.m in Sources */ = {isa = PBXBuildFile; fileRef = B45E71051A13118A0082E2FB /* main.m */; };
		B45E71091A13118A0082E2FB /* AppDelegate.m in Sources */ = {isa = PBXBuildFile; fileRef = B45E71081A13118A0082E2FB /* AppDelegate.m */; };
		B45E710C1A13118A0082E2FB /* ViewController.m in Sources */ = {isa = PBXBuildFile; fileRef = B45E710B1A13118A0082E2FB /* ViewController.m */; };
		B45E710F1A13118A0082E2FB /* Main.storyboard in Resources */ = {isa = PBXBuildFile; fileRef = B45E710D1A13118A0082E2FB /* Main.storyboard */; };
		B45E71111A13118B0082E2FB /* Images.xcassets in Resources */ = {isa = PBXBuildFile; fileRef = B45E71101A13118B0082E2FB /* Images.xcassets */; };
		B45E71141A13118B0082E2FB /* LaunchScreen.xib in Resources */ = {isa = PBXBuildFile; fileRef = B45E71121A13118B0082E2FB /* LaunchScreen.xib */; };
		B45E71201A13118B0082E2FB /* EFBE_MessTests.m in Sources */ = {isa = PBXBuildFile; fileRef = B45E711F1A13118B0082E2FB /* EFBE_MessTests.m */; };
		B4720BBB1A1E309B0033A007 /* FacebookSDK.framework in Frameworks */ = {isa = PBXBuildFile; fileRef = B4720BBA1A1E309B0033A007 /* FacebookSDK.framework */; };
		B4CFE6621A2A356E00246E97 /* listViewController.m in Sources */ = {isa = PBXBuildFile; fileRef = B4CFE6611A2A356E00246E97 /* listViewController.m */; };
		B4CFE6651A2A358800246E97 /* convoViewController.m in Sources */ = {isa = PBXBuildFile; fileRef = B4CFE6641A2A358800246E97 /* convoViewController.m */; };
		B4CFE66B1A2B853500246E97 /* MyTableViewCell.m in Sources */ = {isa = PBXBuildFile; fileRef = B4CFE66A1A2B853500246E97 /* MyTableViewCell.m */; };
/* End PBXBuildFile section */

/* Begin PBXContainerItemProxy section */
		B45E711A1A13118B0082E2FB /* PBXContainerItemProxy */ = {
			isa = PBXContainerItemProxy;
			containerPortal = B45E70F81A13118A0082E2FB /* Project object */;
			proxyType = 1;
			remoteGlobalIDString = B45E70FF1A13118A0082E2FB;
			remoteInfo = "EFBE Mess";
		};
/* End PBXContainerItemProxy section */

/* Begin PBXFileReference section */
		B45E71001A13118A0082E2FB /* EFBE Mess.app */ = {isa = PBXFileReference; explicitFileType = wrapper.application; includeInIndex = 0; path = "EFBE Mess.app"; sourceTree = BUILT_PRODUCTS_DIR; };
		B45E71041A13118A0082E2FB /* Info.plist */ = {isa = PBXFileReference; lastKnownFileType = text.plist.xml; path = Info.plist; sourceTree = "<group>"; };
		B45E71051A13118A0082E2FB /* main.m */ = {isa = PBXFileReference; lastKnownFileType = sourcecode.c.objc; path = main.m; sourceTree = "<group>"; };
		B45E71071A13118A0082E2FB /* AppDelegate.h */ = {isa = PBXFileReference; lastKnownFileType = sourcecode.c.h; path = AppDelegate.h; sourceTree = "<group>"; };
		B45E71081A13118A0082E2FB /* AppDelegate.m */ = {isa = PBXFileReference; lastKnownFileType = sourcecode.c.objc; path = AppDelegate.m; sourceTree = "<group>"; };
		B45E710A1A13118A0082E2FB /* ViewController.h */ = {isa = PBXFileReference; lastKnownFileType = sourcecode.c.h; path = ViewController.h; sourceTree = "<group>"; };
		B45E710B1A13118A0082E2FB /* ViewController.m */ = {isa = PBXFileReference; lastKnownFileType = sourcecode.c.objc; path = ViewController.m; sourceTree = "<group>"; };
		B45E710E1A13118A0082E2FB /* Base */ = {isa = PBXFileReference; lastKnownFileType = file.storyboard; name = Base; path = Base.lproj/Main.storyboard; sourceTree = "<group>"; };
		B45E71101A13118B0082E2FB /* Images.xcassets */ = {isa = PBXFileReference; lastKnownFileType = folder.assetcatalog; path = Images.xcassets; sourceTree = "<group>"; };
		B45E71131A13118B0082E2FB /* Base */ = {isa = PBXFileReference; lastKnownFileType = file.xib; name = Base; path = Base.lproj/LaunchScreen.xib; sourceTree = "<group>"; };
		B45E71191A13118B0082E2FB /* EFBE MessTests.xctest */ = {isa = PBXFileReference; explicitFileType = wrapper.cfbundle; includeInIndex = 0; path = "EFBE MessTests.xctest"; sourceTree = BUILT_PRODUCTS_DIR; };
		B45E711E1A13118B0082E2FB /* Info.plist */ = {isa = PBXFileReference; lastKnownFileType = text.plist.xml; path = Info.plist; sourceTree = "<group>"; };
		B45E711F1A13118B0082E2FB /* EFBE_MessTests.m */ = {isa = PBXFileReference; lastKnownFileType = sourcecode.c.objc; path = EFBE_MessTests.m; sourceTree = "<group>"; };
		B4720BBA1A1E309B0033A007 /* FacebookSDK.framework */ = {isa = PBXFileReference; lastKnownFileType = wrapper.framework; name = FacebookSDK.framework; path = ../../../Documents/FacebookSDK/FacebookSDK.framework; sourceTree = "<group>"; };
		B4CFE6601A2A356E00246E97 /* listViewController.h */ = {isa = PBXFileReference; fileEncoding = 4; lastKnownFileType = sourcecode.c.h; path = listViewController.h; sourceTree = "<group>"; };
		B4CFE6611A2A356E00246E97 /* listViewController.m */ = {isa = PBXFileReference; fileEncoding = 4; lastKnownFileType = sourcecode.c.objc; path = listViewController.m; sourceTree = "<group>"; };
		B4CFE6631A2A358800246E97 /* convoViewController.h */ = {isa = PBXFileReference; fileEncoding = 4; lastKnownFileType = sourcecode.c.h; path = convoViewController.h; sourceTree = "<group>"; };
		B4CFE6641A2A358800246E97 /* convoViewController.m */ = {isa = PBXFileReference; fileEncoding = 4; lastKnownFileType = sourcecode.c.objc; path = convoViewController.m; sourceTree = "<group>"; };
		B4CFE6691A2B853500246E97 /* MyTableViewCell.h */ = {isa = PBXFileReference; fileEncoding = 4; lastKnownFileType = sourcecode.c.h; path = MyTableViewCell.h; sourceTree = "<group>"; };
		B4CFE66A1A2B853500246E97 /* MyTableViewCell.m */ = {isa = PBXFileReference; fileEncoding = 4; lastKnownFileType = sourcecode.c.objc; path = MyTableViewCell.m; sourceTree = "<group>"; };
/* End PBXFileReference section */

/* Begin PBXFrameworksBuildPhase section */
		B45E70FD1A13118A0082E2FB /* Frameworks */ = {
			isa = PBXFrameworksBuildPhase;
			buildActionMask = 2147483647;
			files = (
				B4720BBB1A1E309B0033A007 /* FacebookSDK.framework in Frameworks */,
			);
			runOnlyForDeploymentPostprocessing = 0;
		};
		B45E71161A13118B0082E2FB /* Frameworks */ = {
			isa = PBXFrameworksBuildPhase;
			buildActionMask = 2147483647;
			files = (
			);
			runOnlyForDeploymentPostprocessing = 0;
		};
/* End PBXFrameworksBuildPhase section */

/* Begin PBXGroup section */
		B45E70F71A13118A0082E2FB = {
			isa = PBXGroup;
			children = (
				B45E71021A13118A0082E2FB /* EFBE Mess */,
				B45E711C1A13118B0082E2FB /* EFBE MessTests */,
				B45E71011A13118A0082E2FB /* Products */,
			);
			sourceTree = "<group>";
		};
		B45E71011A13118A0082E2FB /* Products */ = {
			isa = PBXGroup;
			children = (
				B45E71001A13118A0082E2FB /* EFBE Mess.app */,
				B45E71191A13118B0082E2FB /* EFBE MessTests.xctest */,
			);
			name = Products;
			sourceTree = "<group>";
		};
		B45E71021A13118A0082E2FB /* EFBE Mess */ = {
			isa = PBXGroup;
			children = (
				B4720BBA1A1E309B0033A007 /* FacebookSDK.framework */,
				B45E71071A13118A0082E2FB /* AppDelegate.h */,
				B45E71081A13118A0082E2FB /* AppDelegate.m */,
				B4CFE6631A2A358800246E97 /* convoViewController.h */,
				B4CFE6641A2A358800246E97 /* convoViewController.m */,
				B4CFE6691A2B853500246E97 /* MyTableViewCell.h */,
				B4CFE66A1A2B853500246E97 /* MyTableViewCell.m */,
				B4CFE6601A2A356E00246E97 /* listViewController.h */,
				B4CFE6611A2A356E00246E97 /* listViewController.m */,
				B45E710A1A13118A0082E2FB /* ViewController.h */,
				B45E710B1A13118A0082E2FB /* ViewController.m */,
				B45E710D1A13118A0082E2FB /* Main.storyboard */,
				B45E71101A13118B0082E2FB /* Images.xcassets */,
				B45E71121A13118B0082E2FB /* LaunchScreen.xib */,
				B45E71031A13118A0082E2FB /* Supporting Files */,
			);
			path = "EFBE Mess";
			sourceTree = "<group>";
		};
		B45E71031A13118A0082E2FB /* Supporting Files */ = {
			isa = PBXGroup;
			children = (
				B45E71041A13118A0082E2FB /* Info.plist */,
				B45E71051A13118A0082E2FB /* main.m */,
			);
			name = "Supporting Files";
			sourceTree = "<group>";
		};
		B45E711C1A13118B0082E2FB /* EFBE MessTests */ = {
			isa = PBXGroup;
			children = (
				B45E711F1A13118B0082E2FB /* EFBE_MessTests.m */,
				B45E711D1A13118B0082E2FB /* Supporting Files */,
			);
			path = "EFBE MessTests";
			sourceTree = "<group>";
		};
		B45E711D1A13118B0082E2FB /* Supporting Files */ = {
			isa = PBXGroup;
			children = (
				B45E711E1A13118B0082E2FB /* Info.plist */,
			);
			name = "Supporting Files";
			sourceTree = "<group>";
		};
/* End PBXGroup section */

/* Begin PBXNativeTarget section */
		B45E70FF1A13118A0082E2FB /* EFBE Mess */ = {
			isa = PBXNativeTarget;
			buildConfigurationList = B45E71231A13118B0082E2FB /* Build configuration list for PBXNativeTarget "EFBE Mess" */;
			buildPhases = (
				B45E70FC1A13118A0082E2FB /* Sources */,
				B45E70FD1A13118A0082E2FB /* Frameworks */,
				B45E70FE1A13118A0082E2FB /* Resources */,
			);
			buildRules = (
			);
			dependencies = (
			);
			name = "EFBE Mess";
			productName = "EFBE Mess";
			productReference = B45E71001A13118A0082E2FB /* EFBE Mess.app */;
			productType = "com.apple.product-type.application";
		};
		B45E71181A13118B0082E2FB /* EFBE MessTests */ = {
			isa = PBXNativeTarget;
			buildConfigurationList = B45E71261A13118B0082E2FB /* Build configuration list for PBXNativeTarget "EFBE MessTests" */;
			buildPhases = (
				B45E71151A13118B0082E2FB /* Sources */,
				B45E71161A13118B0082E2FB /* Frameworks */,
				B45E71171A13118B0082E2FB /* Resources */,
			);
			buildRules = (
			);
			dependencies = (
				B45E711B1A13118B0082E2FB /* PBXTargetDependency */,
			);
			name = "EFBE MessTests";
			productName = "EFBE MessTests";
			productReference = B45E71191A13118B0082E2FB /* EFBE MessTests.xctest */;
			productType = "com.apple.product-type.bundle.unit-test";
		};
/* End PBXNativeTarget section */

/* Begin PBXProject section */
		B45E70F81A13118A0082E2FB /* Project object */ = {
			isa = PBXProject;
			attributes = {
				LastUpgradeCheck = 0610;
				ORGANIZATIONNAME = "Alex Cortes";
				TargetAttributes = {
					B45E70FF1A13118A0082E2FB = {
						CreatedOnToolsVersion = 6.1;
					};
					B45E71181A13118B0082E2FB = {
						CreatedOnToolsVersion = 6.1;
						TestTargetID = B45E70FF1A13118A0082E2FB;
					};
				};
			};
			buildConfigurationList = B45E70FB1A13118A0082E2FB /* Build configuration list for PBXProject "EFBE Mess" */;
			compatibilityVersion = "Xcode 3.2";
			developmentRegion = English;
			hasScannedForEncodings = 0;
			knownRegions = (
				en,
				Base,
			);
			mainGroup = B45E70F71A13118A0082E2FB;
			productRefGroup = B45E71011A13118A0082E2FB /* Products */;
			projectDirPath = "";
			projectRoot = "";
			targets = (
				B45E70FF1A13118A0082E2FB /* EFBE Mess */,
				B45E71181A13118B0082E2FB /* EFBE MessTests */,
			);
		};
/* End PBXProject section */

/* Begin PBXResourcesBuildPhase section */
		B45E70FE1A13118A0082E2FB /* Resources */ = {
			isa = PBXResourcesBuildPhase;
			buildActionMask = 2147483647;
			files = (
				B45E710F1A13118A0082E2FB /* Main.storyboard in Resources */,
				B45E71141A13118B0082E2FB /* LaunchScreen.xib in Resources */,
				B45E71111A13118B0082E2FB /* Images.xcassets in Resources */,
			);
			runOnlyForDeploymentPostprocessing = 0;
		};
		B45E71171A13118B0082E2FB /* Resources */ = {
			isa = PBXResourcesBuildPhase;
			buildActionMask = 2147483647;
			files = (
			);
			runOnlyForDeploymentPostprocessing = 0;
		};
/* End PBXResourcesBuildPhase section */

/* Begin PBXSourcesBuildPhase section */
		B45E70FC1A13118A0082E2FB /* Sources */ = {
			isa = PBXSourcesBuildPhase;
			buildActionMask = 2147483647;
			files = (
				B4CFE6651A2A358800246E97 /* convoViewController.m in Sources */,
				B45E710C1A13118A0082E2FB /* ViewController.m in Sources */,
				B45E71091A13118A0082E2FB /* AppDelegate.m in Sources */,
				B4CFE66B1A2B853500246E97 /* MyTableViewCell.m in Sources */,
				B4CFE6621A2A356E00246E97 /* listViewController.m in Sources */,
				B45E71061A13118A0082E2FB /* main.m in Sources */,
			);
			runOnlyForDeploymentPostprocessing = 0;
		};
		B45E71151A13118B0082E2FB /* Sources */ = {
			isa = PBXSourcesBuildPhase;
			buildActionMask = 2147483647;
			files = (
				B45E71201A13118B0082E2FB /* EFBE_MessTests.m in Sources */,
			);
			runOnlyForDeploymentPostprocessing = 0;
		};
/* End PBXSourcesBuildPhase section */

/* Begin PBXTargetDependency section */
		B45E711B1A13118B0082E2FB /* PBXTargetDependency */ = {
			isa = PBXTargetDependency;
			target = B45E70FF1A13118A0082E2FB /* EFBE Mess */;
			targetProxy = B45E711A1A13118B0082E2FB /* PBXContainerItemProxy */;
		};
/* End PBXTargetDependency section */

/* Begin PBXVariantGroup section */
		B45E710D1A13118A0082E2FB /* Main.storyboard */ = {
			isa = PBXVariantGroup;
			children = (
				B45E710E1A13118A0082E2FB /* Base */,
			);
			name = Main.storyboard;
			sourceTree = "<group>";
		};
		B45E71121A13118B0082E2FB /* LaunchScreen.xib */ = {
			isa = PBXVariantGroup;
			children = (
				B45E71131A13118B0082E2FB /* Base */,
			);
			name = LaunchScreen.xib;
			sourceTree = "<group>";
		};
/* End PBXVariantGroup section */

/* Begin XCBuildConfiguration section */
		B45E71211A13118B0082E2FB /* Debug */ = {
			isa = XCBuildConfiguration;
			buildSettings = {
				ALWAYS_SEARCH_USER_PATHS = NO;
				CLANG_CXX_LANGUAGE_STANDARD = "gnu++0x";
				CLANG_CXX_LIBRARY = "libc++";
				CLANG_ENABLE_MODULES = YES;
				CLANG_ENABLE_OBJC_ARC = YES;
				CLANG_WARN_BOOL_CONVERSION = YES;
				CLANG_WARN_CONSTANT_CONVERSION = YES;
				CLANG_WARN_DIRECT_OBJC_ISA_USAGE = YES_ERROR;
				CLANG_WARN_EMPTY_BODY = YES;
				CLANG_WARN_ENUM_CONVERSION = YES;
				CLANG_WARN_INT_CONVERSION = YES;
				CLANG_WARN_OBJC_ROOT_CLASS = YES_ERROR;
				CLANG_WARN_UNREACHABLE_CODE = YES;
				CLANG_WARN__DUPLICATE_METHOD_MATCH = YES;
				"CODE_SIGN_IDENTITY[sdk=iphoneos*]" = "iPhone Developer";
				COPY_PHASE_STRIP = NO;
				ENABLE_STRICT_OBJC_MSGSEND = YES;
				GCC_C_LANGUAGE_STANDARD = gnu99;
				GCC_DYNAMIC_NO_PIC = NO;
				GCC_OPTIMIZATION_LEVEL = 0;
				GCC_PREPROCESSOR_DEFINITIONS = (
					"DEBUG=1",
					"$(inherited)",
				);
				GCC_SYMBOLS_PRIVATE_EXTERN = NO;
				GCC_WARN_64_TO_32_BIT_CONVERSION = YES;
				GCC_WARN_ABOUT_RETURN_TYPE = YES_ERROR;
				GCC_WARN_UNDECLARED_SELECTOR = YES;
				GCC_WARN_UNINITIALIZED_AUTOS = YES_AGGRESSIVE;
				GCC_WARN_UNUSED_FUNCTION = YES;
				GCC_WARN_UNUSED_VARIABLE = YES;
				IPHONEOS_DEPLOYMENT_TARGET = 8.1;
				MTL_ENABLE_DEBUG_INFO = YES;
				ONLY_ACTIVE_ARCH = YES;
				SDKROOT = iphoneos;
				TARGETED_DEVICE_FAMILY = "1,2";
			};
			name = Debug;
		};
		B45E71221A13118B0082E2FB /* Release */ = {
			isa = XCBuildConfiguration;
			buildSettings = {
				ALWAYS_SEARCH_USER_PATHS = NO;
				CLANG_CXX_LANGUAGE_STANDARD = "gnu++0x";
				CLANG_CXX_LIBRARY = "libc++";
				CLANG_ENABLE_MODULES = YES;
				CLANG_ENABLE_OBJC_ARC = YES;
				CLANG_WARN_BOOL_CONVERSION = YES;
				CLANG_WARN_CONSTANT_CONVERSION = YES;
				CLANG_WARN_DIRECT_OBJC_ISA_USAGE = YES_ERROR;
				CLANG_WARN_EMPTY_BODY = YES;
				CLANG_WARN_ENUM_CONVERSION = YES;
				CLANG_WARN_INT_CONVERSION = YES;
				CLANG_WARN_OBJC_ROOT_CLASS = YES_ERROR;
				CLANG_WARN_UNREACHABLE_CODE = YES;
				CLANG_WARN__DUPLICATE_METHOD_MATCH = YES;
				"CODE_SIGN_IDENTITY[sdk=iphoneos*]" = "iPhone Developer";
				COPY_PHASE_STRIP = YES;
				ENABLE_NS_ASSERTIONS = NO;
				ENABLE_STRICT_OBJC_MSGSEND = YES;
				GCC_C_LANGUAGE_STANDARD = gnu99;
				GCC_WARN_64_TO_32_BIT_CONVERSION = YES;
				GCC_WARN_ABOUT_RETURN_TYPE = YES_ERROR;
				GCC_WARN_UNDECLARED_SELECTOR = YES;
				GCC_WARN_UNINITIALIZED_AUTOS = YES_AGGRESSIVE;
				GCC_WARN_UNUSED_FUNCTION = YES;
				GCC_WARN_UNUSED_VARIABLE = YES;
				IPHONEOS_DEPLOYMENT_TARGET = 8.1;
				MTL_ENABLE_DEBUG_INFO = NO;
				SDKROOT = iphoneos;
				TARGETED_DEVICE_FAMILY = "1,2";
				VALIDATE_PRODUCT = YES;
			};
			name = Release;
		};
		B45E71241A13118B0082E2FB /* Debug */ = {
			isa = XCBuildConfiguration;
			buildSettings = {
				ASSETCATALOG_COMPILER_APPICON_NAME = AppIcon;
				FRAMEWORK_SEARCH_PATHS = (
					"$(inherited)",
					/Users/Ratthead/Documents/FacebookSDK,
				);
				INFOPLIST_FILE = "EFBE Mess/Info.plist";
				LD_RUNPATH_SEARCH_PATHS = "$(inherited) @executable_path/Frameworks";
				PRODUCT_NAME = "$(TARGET_NAME)";
			};
			name = Debug;
		};
		B45E71251A13118B0082E2FB /* Release */ = {
			isa = XCBuildConfiguration;
			buildSettings = {
				ASSETCATALOG_COMPILER_APPICON_NAME = AppIcon;
				FRAMEWORK_SEARCH_PATHS = (
					"$(inherited)",
					/Users/Ratthead/Documents/FacebookSDK,
				);
				INFOPLIST_FILE = "EFBE Mess/Info.plist";
				LD_RUNPATH_SEARCH_PATHS = "$(inherited) @executable_path/Frameworks";
				PRODUCT_NAME = "$(TARGET_NAME)";
			};
			name = Release;
		};
		B45E71271A13118B0082E2FB /* Debug */ = {
			isa = XCBuildConfiguration;
			buildSettings = {
				BUNDLE_LOADER = "$(TEST_HOST)";
				FRAMEWORK_SEARCH_PATHS = (
					"$(SDKROOT)/Developer/Library/Frameworks",
					"$(inherited)",
					/Users/Ratthead/Documents/FacebookSDK,
				);
				GCC_PREPROCESSOR_DEFINITIONS = (
					"DEBUG=1",
					"$(inherited)",
				);
				INFOPLIST_FILE = "EFBE MessTests/Info.plist";
				LD_RUNPATH_SEARCH_PATHS = "$(inherited) @executable_path/Frameworks @loader_path/Frameworks";
				PRODUCT_NAME = "$(TARGET_NAME)";
				TEST_HOST = "$(BUILT_PRODUCTS_DIR)/EFBE Mess.app/EFBE Mess";
			};
			name = Debug;
		};
		B45E71281A13118B0082E2FB /* Release */ = {
			isa = XCBuildConfiguration;
			buildSettings = {
				BUNDLE_LOADER = "$(TEST_HOST)";
				FRAMEWORK_SEARCH_PATHS = (
					"$(SDKROOT)/Developer/Library/Frameworks",
					"$(inherited)",
					/Users/Ratthead/Documents/FacebookSDK,
				);
				INFOPLIST_FILE = "EFBE MessTests/Info.plist";
				LD_RUNPATH_SEARCH_PATHS = "$(inherited) @executable_path/Frameworks @loader_path/Frameworks";
				PRODUCT_NAME = "$(TARGET_NAME)";
				TEST_HOST = "$(BUILT_PRODUCTS_DIR)/EFBE Mess.app/EFBE Mess";
			};
			name = Release;
		};
/* End XCBuildConfiguration section */

/* Begin XCConfigurationList section */
		B45E70FB1A13118A0082E2FB /* Build configuration list for PBXProject "EFBE Mess" */ = {
			isa = XCConfigurationList;
			buildConfigurations = (
				B45E71211A13118B0082E2FB /* Debug */,
				B45E71221A13118B0082E2FB /* Release */,
			);
			defaultConfigurationIsVisible = 0;
			defaultConfigurationName = Release;
		};
		B45E71231A13118B0082E2FB /* Build configuration list for PBXNativeTarget "EFBE Mess" */ = {
			isa = XCConfigurationList;
			buildConfigurations = (
				B45E71241A13118B0082E2FB /* Debug */,
				B45E71251A13118B0082E2FB /* Release */,
			);
			defaultConfigurationIsVisible = 0;
			defaultConfigurationName = Release;
		};
		B45E71261A13118B0082E2FB /* Build configuration list for PBXNativeTarget "EFBE MessTests" */ = {
			isa = XCConfigurationList;
			buildConfigurations = (
				B45E71271A13118B0082E2FB /* Debug */,
				B45E71281A13118B0082E2FB /* Release */,
			);
			defaultConfigurationIsVisible = 0;
			defaultConfigurationName = Release;
		};
/* End XCConfigurationList section */
	};
	rootObject = B45E70F81A13118A0082E2FB /* Project object */;
}
